// !$*UTF8*$!
{
	archiveVersion = 1;
	classes = {
	};
	objectVersion = 50;
	objects = {

/* Begin PBXBuildFile section */
		0F95AAFD2C1C58F10058EADE /* AppDelegate.swift in Sources */ = {isa = PBXBuildFile; fileRef = 0F95AAFC2C1C58F10058EADE /* AppDelegate.swift */; };
		0F95AAFF2C1C58F10058EADE /* SceneDelegate.swift in Sources */ = {isa = PBXBuildFile; fileRef = 0F95AAFE2C1C58F10058EADE /* SceneDelegate.swift */; };
		0F95AB012C1C58F10058EADE /* ViewController.swift in Sources */ = {isa = PBXBuildFile; fileRef = 0F95AB002C1C58F10058EADE /* ViewController.swift */; };
		0F95AB042C1C58F10058EADE /* Main.storyboard in Resources */ = {isa = PBXBuildFile; fileRef = 0F95AB022C1C58F10058EADE /* Main.storyboard */; };
		0F95AB072C1C58F10058EADE /* SimpleMemoApp.xcdatamodeld in Sources */ = {isa = PBXBuildFile; fileRef = 0F95AB052C1C58F10058EADE /* SimpleMemoApp.xcdatamodeld */; };
		0F95AB092C1C58F20058EADE /* Assets.xcassets in Resources */ = {isa = PBXBuildFile; fileRef = 0F95AB082C1C58F20058EADE /* Assets.xcassets */; };
		0F95AB0C2C1C58F20058EADE /* LaunchScreen.storyboard in Resources */ = {isa = PBXBuildFile; fileRef = 0F95AB0A2C1C58F20058EADE /* LaunchScreen.storyboard */; };
		0F95AB142C1C59470058EADE /* Memo.swift in Sources */ = {isa = PBXBuildFile; fileRef = 0F95AB132C1C59470058EADE /* Memo.swift */; };
		0F95AB162C1C599C0058EADE /* MemoViewController.swift in Sources */ = {isa = PBXBuildFile; fileRef = 0F95AB152C1C599C0058EADE /* MemoViewController.swift */; };
/* End PBXBuildFile section */

/* Begin PBXFileReference section */
		0F95AAF92C1C58F10058EADE /* SimpleMemoApp.app */ = {isa = PBXFileReference; explicitFileType = wrapper.application; includeInIndex = 0; path = SimpleMemoApp.app; sourceTree = BUILT_PRODUCTS_DIR; };
		0F95AAFC2C1C58F10058EADE /* AppDelegate.swift */ = {isa = PBXFileReference; lastKnownFileType = sourcecode.swift; path = AppDelegate.swift; sourceTree = "<group>"; };
		0F95AAFE2C1C58F10058EADE /* SceneDelegate.swift */ = {isa = PBXFileReference; lastKnownFileType = sourcecode.swift; path = SceneDelegate.swift; sourceTree = "<group>"; };
		0F95AB002C1C58F10058EADE /* ViewController.swift */ = {isa = PBXFileReference; lastKnownFileType = sourcecode.swift; path = ViewController.swift; sourceTree = "<group>"; };
		0F95AB032C1C58F10058EADE /* Base */ = {isa = PBXFileReference; lastKnownFileType = file.storyboard; name = Base; path = Base.lproj/Main.storyboard; sourceTree = "<group>"; };
		0F95AB062C1C58F10058EADE /* SimpleMemoApp.xcdatamodel */ = {isa = PBXFileReference; lastKnownFileType = wrapper.xcdatamodel; path = SimpleMemoApp.xcdatamodel; sourceTree = "<group>"; };
		0F95AB082C1C58F20058EADE /* Assets.xcassets */ = {isa = PBXFileReference; lastKnownFileType = folder.assetcatalog; path = Assets.xcassets; sourceTree = "<group>"; };
		0F95AB0B2C1C58F20058EADE /* Base */ = {isa = PBXFileReference; lastKnownFileType = file.storyboard; name = Base; path = Base.lproj/LaunchScreen.storyboard; sourceTree = "<group>"; };
		0F95AB0D2C1C58F20058EADE /* Info.plist */ = {isa = PBXFileReference; lastKnownFileType = text.plist.xml; path = Info.plist; sourceTree = "<group>"; };
		0F95AB132C1C59470058EADE /* Memo.swift */ = {isa = PBXFileReference; lastKnownFileType = sourcecode.swift; path = Memo.swift; sourceTree = "<group>"; };
		0F95AB152C1C599C0058EADE /* MemoViewController.swift */ = {isa = PBXFileReference; lastKnownFileType = sourcecode.swift; path = MemoViewController.swift; sourceTree = "<group>"; };
/* End PBXFileReference section */

/* Begin PBXFrameworksBuildPhase section */
		0F95AAF62C1C58F10058EADE /* Frameworks */ = {
			isa = PBXFrameworksBuildPhase;
			buildActionMask = 2147483647;
			files = (
			);
			runOnlyForDeploymentPostprocessing = 0;
		};
/* End PBXFrameworksBuildPhase section */

/* Begin PBXGroup section */
		0F95AAF02C1C58F10058EADE = {
			isa = PBXGroup;
			children = (
				0F95AAFB2C1C58F10058EADE /* SimpleMemoApp */,
				0F95AAFA2C1C58F10058EADE /* Products */,
			);
			sourceTree = "<group>";
		};
		0F95AAFA2C1C58F10058EADE /* Products */ = {
			isa = PBXGroup;
			children = (
				0F95AAF92C1C58F10058EADE /* SimpleMemoApp.app */,
			);
			name = Products;
			sourceTree = "<group>";
		};
		0F95AAFB2C1C58F10058EADE /* SimpleMemoApp */ = {
			isa = PBXGroup;
			children = (
				0F95AAFC2C1C58F10058EADE /* AppDelegate.swift */,
				0F95AAFE2C1C58F10058EADE /* SceneDelegate.swift */,
				0F95AB002C1C58F10058EADE /* ViewController.swift */,
				0F95AB132C1C59470058EADE /* Memo.swift */,
				0F95AB022C1C58F10058EADE /* Main.storyboard */,
				0F95AB082C1C58F20058EADE /* Assets.xcassets */,
				0F95AB0A2C1C58F20058EADE /* LaunchScreen.storyboard */,
				0F95AB0D2C1C58F20058EADE /* Info.plist */,
				0F95AB052C1C58F10058EADE /* SimpleMemoApp.xcdatamodeld */,
				0F95AB152C1C599C0058EADE /* MemoViewController.swift */,
			);
			path = SimpleMemoApp;
			sourceTree = "<group>";
		};
/* End PBXGroup section */

/* Begin PBXNativeTarget section */
		0F95AAF82C1C58F10058EADE /* SimpleMemoApp */ = {
			isa = PBXNativeTarget;
			buildConfigurationList = 0F95AB102C1C58F20058EADE /* Build configuration list for PBXNativeTarget "SimpleMemoApp" */;
			buildPhases = (
				0F95AAF52C1C58F10058EADE /* Sources */,
				0F95AAF62C1C58F10058EADE /* Frameworks */,
				0F95AAF72C1C58F10058EADE /* Resources */,
			);
			buildRules = (
			);
			dependencies = (
			);
			name = SimpleMemoApp;
			productName = SimpleMemoApp;
			productReference = 0F95AAF92C1C58F10058EADE /* SimpleMemoApp.app */;
			productType = "com.apple.product-type.application";
		};
/* End PBXNativeTarget section */

/* Begin PBXProject section */
		0F95AAF12C1C58F10058EADE /* Project object */ = {
			isa = PBXProject;
			attributes = {
				LastSwiftUpdateCheck = 1250;
				LastUpgradeCheck = 1250;
				TargetAttributes = {
					0F95AAF82C1C58F10058EADE = {
						CreatedOnToolsVersion = 12.5;
					};
				};
			};
			buildConfigurationList = 0F95AAF42C1C58F10058EADE /* Build configuration list for PBXProject "SimpleMemoApp" */;
			compatibilityVersion = "Xcode 9.3";
			developmentRegion = en;
			hasScannedForEncodings = 0;
			knownRegions = (
				en,
				Base,
			);
			mainGroup = 0F95AAF02C1C58F10058EADE;
			productRefGroup = 0F95AAFA2C1C58F10058EADE /* Products */;
			projectDirPath = "";
			projectRoot = "";
			targets = (
				0F95AAF82C1C58F10058EADE /* SimpleMemoApp */,
			);
		};
/* End PBXProject section */

/* Begin PBXResourcesBuildPhase section */
		0F95AAF72C1C58F10058EADE /* Resources */ = {
			isa = PBXResourcesBuildPhase;
			buildActionMask = 2147483647;
			files = (
				0F95AB0C2C1C58F20058EADE /* LaunchScreen.storyboard in Resources */,
				0F95AB092C1C58F20058EADE /* Assets.xcassets in Resources */,
				0F95AB042C1C58F10058EADE /* Main.storyboard in Resources */,
			);
			runOnlyForDeploymentPostprocessing = 0;
		};
/* End PBXResourcesBuildPhase section */

/* Begin PBXSourcesBuildPhase section */
		0F95AAF52C1C58F10058EADE /* Sources */ = {
			isa = PBXSourcesBuildPhase;
			buildActionMask = 2147483647;
			files = (
				0F95AB012C1C58F10058EADE /* ViewController.swift in Sources */,
				0F95AAFD2C1C58F10058EADE /* AppDelegate.swift in Sources */,
				0F95AB162C1C599C0058EADE /* MemoViewController.swift in Sources */,
				0F95AAFF2C1C58F10058EADE /* SceneDelegate.swift in Sources */,
				0F95AB072C1C58F10058EADE /* SimpleMemoApp.xcdatamodeld in Sources */,
				0F95AB142C1C59470058EADE /* Memo.swift in Sources */,
			);
			runOnlyForDeploymentPostprocessing = 0;
		};
/* End PBXSourcesBuildPhase section */

/* Begin PBXVariantGroup section */
		0F95AB022C1C58F10058EADE /* Main.storyboard */ = {
			isa = PBXVariantGroup;
			children = (
				0F95AB032C1C58F10058EADE /* Base */,
			);
			name = Main.storyboard;
			sourceTree = "<group>";
		};
		0F95AB0A2C1C58F20058EADE /* LaunchScreen.storyboard */ = {
			isa = PBXVariantGroup;
			children = (
				0F95AB0B2C1C58F20058EADE /* Base */,
			);
			name = LaunchScreen.storyboard;
			sourceTree = "<group>";
		};
/* End PBXVariantGroup section */

/* Begin XCBuildConfiguration section */
		0F95AB0E2C1C58F20058EADE /* Debug */ = {
			isa = XCBuildConfiguration;
			buildSettings = {
				ALWAYS_SEARCH_USER_PATHS = NO;
				CLANG_ANALYZER_NONNULL = YES;
				CLANG_ANALYZER_NUMBER_OBJECT_CONVERSION = YES_AGGRESSIVE;
				CLANG_CXX_LANGUAGE_STANDARD = "gnu++14";
				CLANG_CXX_LIBRARY = "libc++";
				CLANG_ENABLE_MODULES = YES;
				CLANG_ENABLE_OBJC_ARC = YES;
				CLANG_ENABLE_OBJC_WEAK = YES;
				CLANG_WARN_BLOCK_CAPTURE_AUTORELEASING = YES;
				CLANG_WARN_BOOL_CONVERSION = YES;
				CLANG_WARN_COMMA = YES;
				CLANG_WARN_CONSTANT_CONVERSION = YES;
				CLANG_WARN_DEPRECATED_OBJC_IMPLEMENTATIONS = YES;
				CLANG_WARN_DIRECT_OBJC_ISA_USAGE = YES_ERROR;
				CLANG_WARN_DOCUMENTATION_COMMENTS = YES;
				CLANG_WARN_EMPTY_BODY = YES;
				CLANG_WARN_ENUM_CONVERSION = YES;
				CLANG_WARN_INFINITE_RECURSION = YES;
				CLANG_WARN_INT_CONVERSION = YES;
				CLANG_WARN_NON_LITERAL_NULL_CONVERSION = YES;
				CLANG_WARN_OBJC_IMPLICIT_RETAIN_SELF = YES;
				CLANG_WARN_OBJC_LITERAL_CONVERSION = YES;
				CLANG_WARN_OBJC_ROOT_CLASS = YES_ERROR;
				CLANG_WARN_QUOTED_INCLUDE_IN_FRAMEWORK_HEADER = YES;
				CLANG_WARN_RANGE_LOOP_ANALYSIS = YES;
				CLANG_WARN_STRICT_PROTOTYPES = YES;
				CLANG_WARN_SUSPICIOUS_MOVE = YES;
				CLANG_WARN_UNGUARDED_AVAILABILITY = YES_AGGRESSIVE;
				CLANG_WARN_UNREACHABLE_CODE = YES;
				CLANG_WARN__DUPLICATE_METHOD_MATCH = YES;
				COPY_PHASE_STRIP = NO;
				DEBUG_INFORMATION_FORMAT = dwarf;
				ENABLE_STRICT_OBJC_MSGSEND = YES;
				ENABLE_TESTABILITY = YES;
				GCC_C_LANGUAGE_STANDARD = gnu11;
				GCC_DYNAMIC_NO_PIC = NO;
				GCC_NO_COMMON_BLOCKS = YES;
				GCC_OPTIMIZATION_LEVEL = 0;
				GCC_PREPROCESSOR_DEFINITIONS = (
					"DEBUG=1",
					"$(inherited)",
				);
				GCC_WARN_64_TO_32_BIT_CONVERSION = YES;
				GCC_WARN_ABOUT_RETURN_TYPE = YES_ERROR;
				GCC_WARN_UNDECLARED_SELECTOR = YES;
				GCC_WARN_UNINITIALIZED_AUTOS = YES_AGGRESSIVE;
				GCC_WARN_UNUSED_FUNCTION = YES;
				GCC_WARN_UNUSED_VARIABLE = YES;
				IPHONEOS_DEPLOYMENT_TARGET = 14.5;
				MTL_ENABLE_DEBUG_INFO = INCLUDE_SOURCE;
				MTL_FAST_MATH = YES;
				ONLY_ACTIVE_ARCH = YES;
				SDKROOT = iphoneos;
				SWIFT_ACTIVE_COMPILATION_CONDITIONS = DEBUG;
				SWIFT_OPTIMIZATION_LEVEL = "-Onone";
			};
			name = Debug;
		};
		0F95AB0F2C1C58F20058EADE /* Release */ = {
			isa = XCBuildConfiguration;
			buildSettings = {
				ALWAYS_SEARCH_USER_PATHS = NO;
				CLANG_ANALYZER_NONNULL = YES;
				CLANG_ANALYZER_NUMBER_OBJECT_CONVERSION = YES_AGGRESSIVE;
				CLANG_CXX_LANGUAGE_STANDARD = "gnu++14";
				CLANG_CXX_LIBRARY = "libc++";
				CLANG_ENABLE_MODULES = YES;
				CLANG_ENABLE_OBJC_ARC = YES;
				CLANG_ENABLE_OBJC_WEAK = YES;
				CLANG_WARN_BLOCK_CAPTURE_AUTORELEASING = YES;
				CLANG_WARN_BOOL_CONVERSION = YES;
				CLANG_WARN_COMMA = YES;
				CLANG_WARN_CONSTANT_CONVERSION = YES;
				CLANG_WARN_DEPRECATED_OBJC_IMPLEMENTATIONS = YES;
				CLANG_WARN_DIRECT_OBJC_ISA_USAGE = YES_ERROR;
				CLANG_WARN_DOCUMENTATION_COMMENTS = YES;
				CLANG_WARN_EMPTY_BODY = YES;
				CLANG_WARN_ENUM_CONVERSION = YES;
				CLANG_WARN_INFINITE_RECURSION = YES;
				CLANG_WARN_INT_CONVERSION = YES;
				CLANG_WARN_NON_LITERAL_NULL_CONVERSION = YES;
				CLANG_WARN_OBJC_IMPLICIT_RETAIN_SELF = YES;
				CLANG_WARN_OBJC_LITERAL_CONVERSION = YES;
				CLANG_WARN_OBJC_ROOT_CLASS = YES_ERROR;
				CLANG_WARN_QUOTED_INCLUDE_IN_FRAMEWORK_HEADER = YES;
				CLANG_WARN_RANGE_LOOP_ANALYSIS = YES;
				CLANG_WARN_STRICT_PROTOTYPES = YES;
				CLANG_WARN_SUSPICIOUS_MOVE = YES;
				CLANG_WARN_UNGUARDED_AVAILABILITY = YES_AGGRESSIVE;
				CLANG_WARN_UNREACHABLE_CODE = YES;
				CLANG_WARN__DUPLICATE_METHOD_MATCH = YES;
				COPY_PHASE_STRIP = NO;
				DEBUG_INFORMATION_FORMAT = "dwarf-with-dsym";
				ENABLE_NS_ASSERTIONS = NO;
				ENABLE_STRICT_OBJC_MSGSEND = YES;
				GCC_C_LANGUAGE_STANDARD = gnu11;
				GCC_NO_COMMON_BLOCKS = YES;
				GCC_WARN_64_TO_32_BIT_CONVERSION = YES;
				GCC_WARN_ABOUT_RETURN_TYPE = YES_ERROR;
				GCC_WARN_UNDECLARED_SELECTOR = YES;
				GCC_WARN_UNINITIALIZED_AUTOS = YES_AGGRESSIVE;
				GCC_WARN_UNUSED_FUNCTION = YES;
				GCC_WARN_UNUSED_VARIABLE = YES;
				IPHONEOS_DEPLOYMENT_TARGET = 14.5;
				MTL_ENABLE_DEBUG_INFO = NO;
				MTL_FAST_MATH = YES;
				SDKROOT = iphoneos;
				SWIFT_COMPILATION_MODE = wholemodule;
				SWIFT_OPTIMIZATION_LEVEL = "-O";
				VALIDATE_PRODUCT = YES;
			};
			name = Release;
		};
		0F95AB112C1C58F20058EADE /* Debug */ = {
			isa = XCBuildConfiguration;
			buildSettings = {
				ASSETCATALOG_COMPILER_APPICON_NAME = AppIcon;
				ASSETCATALOG_COMPILER_GLOBAL_ACCENT_COLOR_NAME = AccentColor;
				CODE_SIGN_STYLE = Automatic;
				INFOPLIST_FILE = SimpleMemoApp/Info.plist;
				LD_RUNPATH_SEARCH_PATHS = (
					"$(inherited)",
					"@executable_path/Frameworks",
				);
				PRODUCT_BUNDLE_IDENTIFIER = "engn0383-naver.com.SimpleMemoApp";
				PRODUCT_NAME = "$(TARGET_NAME)";
				SWIFT_VERSION = 5.0;
				TARGETED_DEVICE_FAMILY = "1,2";
			};
			name = Debug;
		};
		0F95AB122C1C58F20058EADE /* Release */ = {
			isa = XCBuildConfiguration;
			buildSettings = {
				ASSETCATALOG_COMPILER_APPICON_NAME = AppIcon;
				ASSETCATALOG_COMPILER_GLOBAL_ACCENT_COLOR_NAME = AccentColor;
				CODE_SIGN_STYLE = Automatic;
				INFOPLIST_FILE = SimpleMemoApp/Info.plist;
				LD_RUNPATH_SEARCH_PATHS = (
					"$(inherited)",
					"@executable_path/Frameworks",
				);
				PRODUCT_BUNDLE_IDENTIFIER = "engn0383-naver.com.SimpleMemoApp";
				PRODUCT_NAME = "$(TARGET_NAME)";
				SWIFT_VERSION = 5.0;
				TARGETED_DEVICE_FAMILY = "1,2";
			};
			name = Release;
		};
/* End XCBuildConfiguration section */

/* Begin XCConfigurationList section */
		0F95AAF42C1C58F10058EADE /* Build configuration list for PBXProject "SimpleMemoApp" */ = {
			isa = XCConfigurationList;
			buildConfigurations = (
				0F95AB0E2C1C58F20058EADE /* Debug */,
				0F95AB0F2C1C58F20058EADE /* Release */,
			);
			defaultConfigurationIsVisible = 0;
			defaultConfigurationName = Release;
		};
		0F95AB102C1C58F20058EADE /* Build configuration list for PBXNativeTarget "SimpleMemoApp" */ = {
			isa = XCConfigurationList;
			buildConfigurations = (
				0F95AB112C1C58F20058EADE /* Debug */,
				0F95AB122C1C58F20058EADE /* Release */,
			);
			defaultConfigurationIsVisible = 0;
			defaultConfigurationName = Release;
		};
/* End XCConfigurationList section */

/* Begin XCVersionGroup section */
		0F95AB052C1C58F10058EADE /* SimpleMemoApp.xcdatamodeld */ = {
			isa = XCVersionGroup;
			children = (
				0F95AB062C1C58F10058EADE /* SimpleMemoApp.xcdatamodel */,
			);
			currentVersion = 0F95AB062C1C58F10058EADE /* SimpleMemoApp.xcdatamodel */;
			path = SimpleMemoApp.xcdatamodeld;
			sourceTree = "<group>";
			versionGroupType = wrapper.xcdatamodel;
		};
/* End XCVersionGroup section */
	};
	rootObject = 0F95AAF12C1C58F10058EADE /* Project object */;
}
